
Microsoft Visual Studio Solution File, Format Version 12.00
# Visual Studio Version 17
VisualStudioVersion = 17.2.32630.192
MinimumVisualStudioVersion = 10.0.40219.1
Project("{9A19103F-16F7-4668-BE54-9A1E7A4F7556}") = "MineSweeper", "MineSweeper\MineSweeper.csproj", "{EFF1343A-70A4-4563-8E1A-3807F6FCB194}"
EndProject
Project("{FAE04EC0-301F-11D3-BF4B-00C04F79EFBC}") = "Test", "Test\Test.csproj", "{D85A9EAB-C21D-4FB8-A8D2-2DE81BC9A3CD}"
EndProject
Global
	GlobalSection(SolutionConfigurationPlatforms) = preSolution
		Debug|Any CPU = Debug|Any CPU
		Release|Any CPU = Release|Any CPU
	EndGlobalSection
	GlobalSection(ProjectConfigurationPlatforms) = postSolution
		{EFF1343A-70A4-4563-8E1A-3807F6FCB194}.Debug|Any CPU.ActiveCfg = Debug|Any CPU
		{EFF1343A-70A4-4563-8E1A-3807F6FCB194}.Debug|Any CPU.Build.0 = Debug|Any CPU
		{EFF1343A-70A4-4563-8E1A-3807F6FCB194}.Release|Any CPU.ActiveCfg = Release|Any CPU
		{EFF1343A-70A4-4563-8E1A-3807F6FCB194}.Release|Any CPU.Build.0 = Release|Any CPU
		{D85A9EAB-C21D-4FB8-A8D2-2DE81BC9A3CD}.Debug|Any CPU.ActiveCfg = Debug|Any CPU
		{D85A9EAB-C21D-4FB8-A8D2-2DE81BC9A3CD}.Debug|Any CPU.Build.0 = Debug|Any CPU
		{D85A9EAB-C21D-4FB8-A8D2-2DE81BC9A3CD}.Release|Any CPU.ActiveCfg = Release|Any CPU
		{D85A9EAB-C21D-4FB8-A8D2-2DE81BC9A3CD}.Release|Any CPU.Build.0 = Release|Any CPU
	EndGlobalSection
	GlobalSection(SolutionProperties) = preSolution
		HideSolutionNode = FALSE
	EndGlobalSection
	GlobalSection(ExtensibilityGlobals) = postSolution
		SolutionGuid = {E48DFAC2-B1D6-4EE6-B45B-C00C021A75CE}
	EndGlobalSection
EndGlobal
